
Microsoft Visual Studio Solution File, Format Version 12.00
# Visual Studio Version 17
VisualStudioVersion = 17.5.33424.131
MinimumVisualStudioVersion = 10.0.40219.1
Project("{8BC9CEB8-8B4A-11D0-8D11-00A0C91BC942}") = "Image_Art", "Image_Art.vcxproj", "{52F19C29-C606-4C44-9C1F-CF8E1BDCE93E}"
EndProject
Project("{8BC9CEB8-8B4A-11D0-8D11-00A0C91BC942}") = "Cuda_Image_Art", "Cuda_Image_Art\Cuda_Image_Art.vcxproj", "{248E02A9-A6F1-493E-A746-8081A595FB3B}"
EndProject
Project("{8BC9CEB8-8B4A-11D0-8D11-00A0C91BC942}") = "CudaBrushTest", "..\CudaBrushTest\CudaBrushTest.vcxproj", "{C49C5A7A-3C28-4F6D-B4C5-73A183764C6B}"
EndProject
Global
	GlobalSection(SolutionConfigurationPlatforms) = preSolution
		Debug|x64 = Debug|x64
		Debug|x86 = Debug|x86
		Release|x64 = Release|x64
		Release|x86 = Release|x86
	EndGlobalSection
	GlobalSection(ProjectConfigurationPlatforms) = postSolution
		{52F19C29-C606-4C44-9C1F-CF8E1BDCE93E}.Debug|x64.ActiveCfg = Debug|x64
		{52F19C29-C606-4C44-9C1F-CF8E1BDCE93E}.Debug|x64.Build.0 = Debug|x64
		{52F19C29-C606-4C44-9C1F-CF8E1BDCE93E}.Debug|x86.ActiveCfg = Debug|Win32
		{52F19C29-C606-4C44-9C1F-CF8E1BDCE93E}.Debug|x86.Build.0 = Debug|Win32
		{52F19C29-C606-4C44-9C1F-CF8E1BDCE93E}.Release|x64.ActiveCfg = Release|x64
		{52F19C29-C606-4C44-9C1F-CF8E1BDCE93E}.Release|x64.Build.0 = Release|x64
		{52F19C29-C606-4C44-9C1F-CF8E1BDCE93E}.Release|x86.ActiveCfg = Release|Win32
		{52F19C29-C606-4C44-9C1F-CF8E1BDCE93E}.Release|x86.Build.0 = Release|Win32
		{248E02A9-A6F1-493E-A746-8081A595FB3B}.Debug|x64.ActiveCfg = Debug|x64
		{248E02A9-A6F1-493E-A746-8081A595FB3B}.Debug|x64.Build.0 = Debug|x64
		{248E02A9-A6F1-493E-A746-8081A595FB3B}.Debug|x86.ActiveCfg = Debug|x64
		{248E02A9-A6F1-493E-A746-8081A595FB3B}.Debug|x86.Build.0 = Debug|x64
		{248E02A9-A6F1-493E-A746-8081A595FB3B}.Release|x64.ActiveCfg = Release|x64
		{248E02A9-A6F1-493E-A746-8081A595FB3B}.Release|x64.Build.0 = Release|x64
		{248E02A9-A6F1-493E-A746-8081A595FB3B}.Release|x86.ActiveCfg = Release|x64
		{248E02A9-A6F1-493E-A746-8081A595FB3B}.Release|x86.Build.0 = Release|x64
		{C49C5A7A-3C28-4F6D-B4C5-73A183764C6B}.Debug|x64.ActiveCfg = Debug|x64
		{C49C5A7A-3C28-4F6D-B4C5-73A183764C6B}.Debug|x64.Build.0 = Debug|x64
		{C49C5A7A-3C28-4F6D-B4C5-73A183764C6B}.Debug|x86.ActiveCfg = Debug|x64
		{C49C5A7A-3C28-4F6D-B4C5-73A183764C6B}.Debug|x86.Build.0 = Debug|x64
		{C49C5A7A-3C28-4F6D-B4C5-73A183764C6B}.Release|x64.ActiveCfg = Release|x64
		{C49C5A7A-3C28-4F6D-B4C5-73A183764C6B}.Release|x64.Build.0 = Release|x64
		{C49C5A7A-3C28-4F6D-B4C5-73A183764C6B}.Release|x86.ActiveCfg = Release|x64
		{C49C5A7A-3C28-4F6D-B4C5-73A183764C6B}.Release|x86.Build.0 = Release|x64
	EndGlobalSection
	GlobalSection(SolutionProperties) = preSolution
		HideSolutionNode = FALSE
	EndGlobalSection
	GlobalSection(ExtensibilityGlobals) = postSolution
		SolutionGuid = {2BB0736B-8295-4135-BC2D-A1BDA77BA9AA}
	EndGlobalSection
EndGlobal
